
Microsoft Visual Studio Solution File, Format Version 12.00
# Visual Studio Version 16
VisualStudioVersion = 16.0.30128.74
MinimumVisualStudioVersion = 10.0.40219.1
Project("{FAE04EC0-301F-11D3-BF4B-00C04F79EFBC}") = "TwoSum", "TwoSum\TwoSum.csproj", "{1C776C11-E05F-4A27-AE06-A2238A39A9D5}"
EndProject
Global
	GlobalSection(SolutionConfigurationPlatforms) = preSolution
		Debug|Any CPU = Debug|Any CPU
		Release|Any CPU = Release|Any CPU
	EndGlobalSection
	GlobalSection(ProjectConfigurationPlatforms) = postSolution
		{1C776C11-E05F-4A27-AE06-A2238A39A9D5}.Debug|Any CPU.ActiveCfg = Debug|Any CPU
		{1C776C11-E05F-4A27-AE06-A2238A39A9D5}.Debug|Any CPU.Build.0 = Debug|Any CPU
		{1C776C11-E05F-4A27-AE06-A2238A39A9D5}.Release|Any CPU.ActiveCfg = Release|Any CPU
		{1C776C11-E05F-4A27-AE06-A2238A39A9D5}.Release|Any CPU.Build.0 = Release|Any CPU
	EndGlobalSection
	GlobalSection(SolutionProperties) = preSolution
		HideSolutionNode = FALSE
	EndGlobalSection
	GlobalSection(ExtensibilityGlobals) = postSolution
		SolutionGuid = {09AD23A5-7822-4078-B1ED-887BD578D96E}
	EndGlobalSection
EndGlobal
